
Microsoft Visual Studio Solution File, Format Version 12.00
# Visual Studio 15
VisualStudioVersion = 15.0.28307.1321
MinimumVisualStudioVersion = 10.0.40219.1
Project("{FAE04EC0-301F-11D3-BF4B-00C04F79EFBC}") = "MatchingGame", "MatchingGame\MatchingGame.csproj", "{FFA96EF7-4FEC-42DF-B6BA-1D221867DA15}"
EndProject
Global
	GlobalSection(SolutionConfigurationPlatforms) = preSolution
		Debug|Any CPU = Debug|Any CPU
		Release|Any CPU = Release|Any CPU
	EndGlobalSection
	GlobalSection(ProjectConfigurationPlatforms) = postSolution
		{FFA96EF7-4FEC-42DF-B6BA-1D221867DA15}.Debug|Any CPU.ActiveCfg = Debug|Any CPU
		{FFA96EF7-4FEC-42DF-B6BA-1D221867DA15}.Debug|Any CPU.Build.0 = Debug|Any CPU
		{FFA96EF7-4FEC-42DF-B6BA-1D221867DA15}.Release|Any CPU.ActiveCfg = Release|Any CPU
		{FFA96EF7-4FEC-42DF-B6BA-1D221867DA15}.Release|Any CPU.Build.0 = Release|Any CPU
	EndGlobalSection
	GlobalSection(SolutionProperties) = preSolution
		HideSolutionNode = FALSE
	EndGlobalSection
	GlobalSection(ExtensibilityGlobals) = postSolution
		SolutionGuid = {CFF4B554-0603-4FE7-96F0-B3E015C8642E}
	EndGlobalSection
EndGlobal
